// !$*UTF8*$!
{
	archiveVersion = 1;
	classes = {
	};
	objectVersion = 50;
	objects = {

/* Begin PBXBuildFile section */
		359CA9B124D31B5D0027E51A /* AppDelegate.swift in Sources */ = {isa = PBXBuildFile; fileRef = 359CA9B024D31B5D0027E51A /* AppDelegate.swift */; };
		359CA9B324D31B5D0027E51A /* SceneDelegate.swift in Sources */ = {isa = PBXBuildFile; fileRef = 359CA9B224D31B5D0027E51A /* SceneDelegate.swift */; };
		359CA9B524D31B5D0027E51A /* ViewController.swift in Sources */ = {isa = PBXBuildFile; fileRef = 359CA9B424D31B5D0027E51A /* ViewController.swift */; };
		359CA9B824D31B5D0027E51A /* Main.storyboard in Resources */ = {isa = PBXBuildFile; fileRef = 359CA9B624D31B5D0027E51A /* Main.storyboard */; };
		359CA9BA24D31B5E0027E51A /* Assets.xcassets in Resources */ = {isa = PBXBuildFile; fileRef = 359CA9B924D31B5E0027E51A /* Assets.xcassets */; };
		359CA9BD24D31B5E0027E51A /* LaunchScreen.storyboard in Resources */ = {isa = PBXBuildFile; fileRef = 359CA9BB24D31B5E0027E51A /* LaunchScreen.storyboard */; };
		359D75E324D7165F00C8CBA2 /* Constants.swift in Sources */ = {isa = PBXBuildFile; fileRef = 359D75E224D7165F00C8CBA2 /* Constants.swift */; };
		359D75E524D7188400C8CBA2 /* Video.swift in Sources */ = {isa = PBXBuildFile; fileRef = 359D75E424D7188400C8CBA2 /* Video.swift */; };
		359D75E724D7191B00C8CBA2 /* Model.swift in Sources */ = {isa = PBXBuildFile; fileRef = 359D75E624D7191B00C8CBA2 /* Model.swift */; };
/* End PBXBuildFile section */

/* Begin PBXFileReference section */
		359CA9AD24D31B5D0027E51A /* youtube_onedaybuild.app */ = {isa = PBXFileReference; explicitFileType = wrapper.application; includeInIndex = 0; path = youtube_onedaybuild.app; sourceTree = BUILT_PRODUCTS_DIR; };
		359CA9B024D31B5D0027E51A /* AppDelegate.swift */ = {isa = PBXFileReference; lastKnownFileType = sourcecode.swift; path = AppDelegate.swift; sourceTree = "<group>"; };
		359CA9B224D31B5D0027E51A /* SceneDelegate.swift */ = {isa = PBXFileReference; lastKnownFileType = sourcecode.swift; path = SceneDelegate.swift; sourceTree = "<group>"; };
		359CA9B424D31B5D0027E51A /* ViewController.swift */ = {isa = PBXFileReference; lastKnownFileType = sourcecode.swift; path = ViewController.swift; sourceTree = "<group>"; };
		359CA9B724D31B5D0027E51A /* Base */ = {isa = PBXFileReference; lastKnownFileType = file.storyboard; name = Base; path = Base.lproj/Main.storyboard; sourceTree = "<group>"; };
		359CA9B924D31B5E0027E51A /* Assets.xcassets */ = {isa = PBXFileReference; lastKnownFileType = folder.assetcatalog; path = Assets.xcassets; sourceTree = "<group>"; };
		359CA9BC24D31B5E0027E51A /* Base */ = {isa = PBXFileReference; lastKnownFileType = file.storyboard; name = Base; path = Base.lproj/LaunchScreen.storyboard; sourceTree = "<group>"; };
		359CA9BE24D31B5E0027E51A /* Info.plist */ = {isa = PBXFileReference; lastKnownFileType = text.plist.xml; path = Info.plist; sourceTree = "<group>"; };
		359D75E224D7165F00C8CBA2 /* Constants.swift */ = {isa = PBXFileReference; lastKnownFileType = sourcecode.swift; path = Constants.swift; sourceTree = "<group>"; };
		359D75E424D7188400C8CBA2 /* Video.swift */ = {isa = PBXFileReference; lastKnownFileType = sourcecode.swift; path = Video.swift; sourceTree = "<group>"; };
		359D75E624D7191B00C8CBA2 /* Model.swift */ = {isa = PBXFileReference; lastKnownFileType = sourcecode.swift; path = Model.swift; sourceTree = "<group>"; };
/* End PBXFileReference section */

/* Begin PBXFrameworksBuildPhase section */
		359CA9AA24D31B5D0027E51A /* Frameworks */ = {
			isa = PBXFrameworksBuildPhase;
			buildActionMask = 2147483647;
			files = (
			);
			runOnlyForDeploymentPostprocessing = 0;
		};
/* End PBXFrameworksBuildPhase section */

/* Begin PBXGroup section */
		359CA9A424D31B5D0027E51A = {
			isa = PBXGroup;
			children = (
				359CA9AF24D31B5D0027E51A /* youtube_onedaybuild */,
				359CA9AE24D31B5D0027E51A /* Products */,
			);
			sourceTree = "<group>";
		};
		359CA9AE24D31B5D0027E51A /* Products */ = {
			isa = PBXGroup;
			children = (
				359CA9AD24D31B5D0027E51A /* youtube_onedaybuild.app */,
			);
			name = Products;
			sourceTree = "<group>";
		};
		359CA9AF24D31B5D0027E51A /* youtube_onedaybuild */ = {
			isa = PBXGroup;
			children = (
				359D75E424D7188400C8CBA2 /* Video.swift */,
				359D75E224D7165F00C8CBA2 /* Constants.swift */,
				359CA9B024D31B5D0027E51A /* AppDelegate.swift */,
				359CA9B224D31B5D0027E51A /* SceneDelegate.swift */,
				359CA9B424D31B5D0027E51A /* ViewController.swift */,
				359CA9B624D31B5D0027E51A /* Main.storyboard */,
				359CA9B924D31B5E0027E51A /* Assets.xcassets */,
				359CA9BB24D31B5E0027E51A /* LaunchScreen.storyboard */,
				359CA9BE24D31B5E0027E51A /* Info.plist */,
				359D75E624D7191B00C8CBA2 /* Model.swift */,
			);
			path = youtube_onedaybuild;
			sourceTree = "<group>";
		};
/* End PBXGroup section */

/* Begin PBXNativeTarget section */
		359CA9AC24D31B5D0027E51A /* youtube_onedaybuild */ = {
			isa = PBXNativeTarget;
			buildConfigurationList = 359CA9C124D31B5E0027E51A /* Build configuration list for PBXNativeTarget "youtube_onedaybuild" */;
			buildPhases = (
				359CA9A924D31B5D0027E51A /* Sources */,
				359CA9AA24D31B5D0027E51A /* Frameworks */,
				359CA9AB24D31B5D0027E51A /* Resources */,
			);
			buildRules = (
			);
			dependencies = (
			);
			name = youtube_onedaybuild;
			productName = youtube_onedaybuild;
			productReference = 359CA9AD24D31B5D0027E51A /* youtube_onedaybuild.app */;
			productType = "com.apple.product-type.application";
		};
/* End PBXNativeTarget section */

/* Begin PBXProject section */
		359CA9A524D31B5D0027E51A /* Project object */ = {
			isa = PBXProject;
			attributes = {
				LastSwiftUpdateCheck = 1160;
				LastUpgradeCheck = 1160;
				ORGANIZATIONNAME = ruesseltier;
				TargetAttributes = {
					359CA9AC24D31B5D0027E51A = {
						CreatedOnToolsVersion = 11.6;
					};
				};
			};
			buildConfigurationList = 359CA9A824D31B5D0027E51A /* Build configuration list for PBXProject "youtube_onedaybuild" */;
			compatibilityVersion = "Xcode 9.3";
			developmentRegion = en;
			hasScannedForEncodings = 0;
			knownRegions = (
				en,
				Base,
			);
			mainGroup = 359CA9A424D31B5D0027E51A;
			productRefGroup = 359CA9AE24D31B5D0027E51A /* Products */;
			projectDirPath = "";
			projectRoot = "";
			targets = (
				359CA9AC24D31B5D0027E51A /* youtube_onedaybuild */,
			);
		};
/* End PBXProject section */

/* Begin PBXResourcesBuildPhase section */
		359CA9AB24D31B5D0027E51A /* Resources */ = {
			isa = PBXResourcesBuildPhase;
			buildActionMask = 2147483647;
			files = (
				359CA9BD24D31B5E0027E51A /* LaunchScreen.storyboard in Resources */,
				359CA9BA24D31B5E0027E51A /* Assets.xcassets in Resources */,
				359CA9B824D31B5D0027E51A /* Main.storyboard in Resources */,
			);
			runOnlyForDeploymentPostprocessing = 0;
		};
/* End PBXResourcesBuildPhase section */

/* Begin PBXSourcesBuildPhase section */
		359CA9A924D31B5D0027E51A /* Sources */ = {
			isa = PBXSourcesBuildPhase;
			buildActionMask = 2147483647;
			files = (
				359CA9B524D31B5D0027E51A /* ViewController.swift in Sources */,
				359CA9B124D31B5D0027E51A /* AppDelegate.swift in Sources */,
				359CA9B324D31B5D0027E51A /* SceneDelegate.swift in Sources */,
				359D75E724D7191B00C8CBA2 /* Model.swift in Sources */,
				359D75E324D7165F00C8CBA2 /* Constants.swift in Sources */,
				359D75E524D7188400C8CBA2 /* Video.swift in Sources */,
			);
			runOnlyForDeploymentPostprocessing = 0;
		};
/* End PBXSourcesBuildPhase section */

/* Begin PBXVariantGroup section */
		359CA9B624D31B5D0027E51A /* Main.storyboard */ = {
			isa = PBXVariantGroup;
			children = (
				359CA9B724D31B5D0027E51A /* Base */,
			);
			name = Main.storyboard;
			sourceTree = "<group>";
		};
		359CA9BB24D31B5E0027E51A /* LaunchScreen.storyboard */ = {
			isa = PBXVariantGroup;
			children = (
				359CA9BC24D31B5E0027E51A /* Base */,
			);
			name = LaunchScreen.storyboard;
			sourceTree = "<group>";
		};
/* End PBXVariantGroup section */

/* Begin XCBuildConfiguration section */
		359CA9BF24D31B5E0027E51A /* Debug */ = {
			isa = XCBuildConfiguration;
			buildSettings = {
				ALWAYS_SEARCH_USER_PATHS = NO;
				CLANG_ANALYZER_NONNULL = YES;
				CLANG_ANALYZER_NUMBER_OBJECT_CONVERSION = YES_AGGRESSIVE;
				CLANG_CXX_LANGUAGE_STANDARD = "gnu++14";
				CLANG_CXX_LIBRARY = "libc++";
				CLANG_ENABLE_MODULES = YES;
				CLANG_ENABLE_OBJC_ARC = YES;
				CLANG_ENABLE_OBJC_WEAK = YES;
				CLANG_WARN_BLOCK_CAPTURE_AUTORELEASING = YES;
				CLANG_WARN_BOOL_CONVERSION = YES;
				CLANG_WARN_COMMA = YES;
				CLANG_WARN_CONSTANT_CONVERSION = YES;
				CLANG_WARN_DEPRECATED_OBJC_IMPLEMENTATIONS = YES;
				CLANG_WARN_DIRECT_OBJC_ISA_USAGE = YES_ERROR;
				CLANG_WARN_DOCUMENTATION_COMMENTS = YES;
				CLANG_WARN_EMPTY_BODY = YES;
				CLANG_WARN_ENUM_CONVERSION = YES;
				CLANG_WARN_INFINITE_RECURSION = YES;
				CLANG_WARN_INT_CONVERSION = YES;
				CLANG_WARN_NON_LITERAL_NULL_CONVERSION = YES;
				CLANG_WARN_OBJC_IMPLICIT_RETAIN_SELF = YES;
				CLANG_WARN_OBJC_LITERAL_CONVERSION = YES;
				CLANG_WARN_OBJC_ROOT_CLASS = YES_ERROR;
				CLANG_WARN_RANGE_LOOP_ANALYSIS = YES;
				CLANG_WARN_STRICT_PROTOTYPES = YES;
				CLANG_WARN_SUSPICIOUS_MOVE = YES;
				CLANG_WARN_UNGUARDED_AVAILABILITY = YES_AGGRESSIVE;
				CLANG_WARN_UNREACHABLE_CODE = YES;
				CLANG_WARN__DUPLICATE_METHOD_MATCH = YES;
				COPY_PHASE_STRIP = NO;
				DEBUG_INFORMATION_FORMAT = dwarf;
				ENABLE_STRICT_OBJC_MSGSEND = YES;
				ENABLE_TESTABILITY = YES;
				GCC_C_LANGUAGE_STANDARD = gnu11;
				GCC_DYNAMIC_NO_PIC = NO;
				GCC_NO_COMMON_BLOCKS = YES;
				GCC_OPTIMIZATION_LEVEL = 0;
				GCC_PREPROCESSOR_DEFINITIONS = (
					"DEBUG=1",
					"$(inherited)",
				);
				GCC_WARN_64_TO_32_BIT_CONVERSION = YES;
				GCC_WARN_ABOUT_RETURN_TYPE = YES_ERROR;
				GCC_WARN_UNDECLARED_SELECTOR = YES;
				GCC_WARN_UNINITIALIZED_AUTOS = YES_AGGRESSIVE;
				GCC_WARN_UNUSED_FUNCTION = YES;
				GCC_WARN_UNUSED_VARIABLE = YES;
				IPHONEOS_DEPLOYMENT_TARGET = 13.6;
				MTL_ENABLE_DEBUG_INFO = INCLUDE_SOURCE;
				MTL_FAST_MATH = YES;
				ONLY_ACTIVE_ARCH = YES;
				SDKROOT = iphoneos;
				SWIFT_ACTIVE_COMPILATION_CONDITIONS = DEBUG;
				SWIFT_OPTIMIZATION_LEVEL = "-Onone";
			};
			name = Debug;
		};
		359CA9C024D31B5E0027E51A /* Release */ = {
			isa = XCBuildConfiguration;
			buildSettings = {
				ALWAYS_SEARCH_USER_PATHS = NO;
				CLANG_ANALYZER_NONNULL = YES;
				CLANG_ANALYZER_NUMBER_OBJECT_CONVERSION = YES_AGGRESSIVE;
				CLANG_CXX_LANGUAGE_STANDARD = "gnu++14";
				CLANG_CXX_LIBRARY = "libc++";
				CLANG_ENABLE_MODULES = YES;
				CLANG_ENABLE_OBJC_ARC = YES;
				CLANG_ENABLE_OBJC_WEAK = YES;
				CLANG_WARN_BLOCK_CAPTURE_AUTORELEASING = YES;
				CLANG_WARN_BOOL_CONVERSION = YES;
				CLANG_WARN_COMMA = YES;
				CLANG_WARN_CONSTANT_CONVERSION = YES;
				CLANG_WARN_DEPRECATED_OBJC_IMPLEMENTATIONS = YES;
				CLANG_WARN_DIRECT_OBJC_ISA_USAGE = YES_ERROR;
				CLANG_WARN_DOCUMENTATION_COMMENTS = YES;
				CLANG_WARN_EMPTY_BODY = YES;
				CLANG_WARN_ENUM_CONVERSION = YES;
				CLANG_WARN_INFINITE_RECURSION = YES;
				CLANG_WARN_INT_CONVERSION = YES;
				CLANG_WARN_NON_LITERAL_NULL_CONVERSION = YES;
				CLANG_WARN_OBJC_IMPLICIT_RETAIN_SELF = YES;
				CLANG_WARN_OBJC_LITERAL_CONVERSION = YES;
				CLANG_WARN_OBJC_ROOT_CLASS = YES_ERROR;
				CLANG_WARN_RANGE_LOOP_ANALYSIS = YES;
				CLANG_WARN_STRICT_PROTOTYPES = YES;
				CLANG_WARN_SUSPICIOUS_MOVE = YES;
				CLANG_WARN_UNGUARDED_AVAILABILITY = YES_AGGRESSIVE;
				CLANG_WARN_UNREACHABLE_CODE = YES;
				CLANG_WARN__DUPLICATE_METHOD_MATCH = YES;
				COPY_PHASE_STRIP = NO;
				DEBUG_INFORMATION_FORMAT = "dwarf-with-dsym";
				ENABLE_NS_ASSERTIONS = NO;
				ENABLE_STRICT_OBJC_MSGSEND = YES;
				GCC_C_LANGUAGE_STANDARD = gnu11;
				GCC_NO_COMMON_BLOCKS = YES;
				GCC_WARN_64_TO_32_BIT_CONVERSION = YES;
				GCC_WARN_ABOUT_RETURN_TYPE = YES_ERROR;
				GCC_WARN_UNDECLARED_SELECTOR = YES;
				GCC_WARN_UNINITIALIZED_AUTOS = YES_AGGRESSIVE;
				GCC_WARN_UNUSED_FUNCTION = YES;
				GCC_WARN_UNUSED_VARIABLE = YES;
				IPHONEOS_DEPLOYMENT_TARGET = 13.6;
				MTL_ENABLE_DEBUG_INFO = NO;
				MTL_FAST_MATH = YES;
				SDKROOT = iphoneos;
				SWIFT_COMPILATION_MODE = wholemodule;
				SWIFT_OPTIMIZATION_LEVEL = "-O";
				VALIDATE_PRODUCT = YES;
			};
			name = Release;
		};
		359CA9C224D31B5E0027E51A /* Debug */ = {
			isa = XCBuildConfiguration;
			buildSettings = {
				ASSETCATALOG_COMPILER_APPICON_NAME = AppIcon;
				CODE_SIGN_STYLE = Automatic;
				DEVELOPMENT_TEAM = YSMDB33MU3;
				INFOPLIST_FILE = youtube_onedaybuild/Info.plist;
				LD_RUNPATH_SEARCH_PATHS = (
					"$(inherited)",
					"@executable_path/Frameworks",
				);
				PRODUCT_BUNDLE_IDENTIFIER = "me.ruesseltier.youtube-onedaybuild";
				PRODUCT_NAME = "$(TARGET_NAME)";
				SWIFT_VERSION = 5.0;
				TARGETED_DEVICE_FAMILY = "1,2";
			};
			name = Debug;
		};
		359CA9C324D31B5E0027E51A /* Release */ = {
			isa = XCBuildConfiguration;
			buildSettings = {
				ASSETCATALOG_COMPILER_APPICON_NAME = AppIcon;
				CODE_SIGN_STYLE = Automatic;
				DEVELOPMENT_TEAM = YSMDB33MU3;
				INFOPLIST_FILE = youtube_onedaybuild/Info.plist;
				LD_RUNPATH_SEARCH_PATHS = (
					"$(inherited)",
					"@executable_path/Frameworks",
				);
				PRODUCT_BUNDLE_IDENTIFIER = "me.ruesseltier.youtube-onedaybuild";
				PRODUCT_NAME = "$(TARGET_NAME)";
				SWIFT_VERSION = 5.0;
				TARGETED_DEVICE_FAMILY = "1,2";
			};
			name = Release;
		};
/* End XCBuildConfiguration section */

/* Begin XCConfigurationList section */
		359CA9A824D31B5D0027E51A /* Build configuration list for PBXProject "youtube_onedaybuild" */ = {
			isa = XCConfigurationList;
			buildConfigurations = (
				359CA9BF24D31B5E0027E51A /* Debug */,
				359CA9C024D31B5E0027E51A /* Release */,
			);
			defaultConfigurationIsVisible = 0;
			defaultConfigurationName = Release;
		};
		359CA9C124D31B5E0027E51A /* Build configuration list for PBXNativeTarget "youtube_onedaybuild" */ = {
			isa = XCConfigurationList;
			buildConfigurations = (
				359CA9C224D31B5E0027E51A /* Debug */,
				359CA9C324D31B5E0027E51A /* Release */,
			);
			defaultConfigurationIsVisible = 0;
			defaultConfigurationName = Release;
		};
/* End XCConfigurationList section */
	};
	rootObject = 359CA9A524D31B5D0027E51A /* Project object */;
}
